{
  "lockfile_version": "1",
  "packages": {
    "bun@1.1.4": {
      "last_modified": "2024-04-19T17:36:04-04:00",
      "resolved": "github:NixOS/nixpkgs/92d295f588631b0db2da509f381b4fb1e74173c5#bun",
      "source": "devbox-search",
      "version": "1.1.4",
      "systems": {
        "aarch64-darwin": {
          "outputs": [
            {
              "name": "out",
              "path": "/nix/store/fiwjsimc76cj65jkv5igazikqkd8zcns-bun-1.1.4",
              "default": true
            }
          ],
          "store_path": "/nix/store/fiwjsimc76cj65jkv5igazikqkd8zcns-bun-1.1.4"
        },
        "aarch64-linux": {
          "outputs": [
            {
              "name": "out",
              "path": "/nix/store/vkhqs4p1clbarknbnjbk2riphqlrrx30-bun-1.1.4",
              "default": true
            }
          ],
          "store_path": "/nix/store/vkhqs4p1clbarknbnjbk2riphqlrrx30-bun-1.1.4"
        },
        "x86_64-darwin": {
          "outputs": [
            {
              "name": "out",
              "path": "/nix/store/xrpxfnbpqpzls14950ngwamxr7v6paa1-bun-1.1.4",
              "default": true
            }
          ],
          "store_path": "/nix/store/xrpxfnbpqpzls14950ngwamxr7v6paa1-bun-1.1.4"
        },
        "x86_64-linux": {
          "outputs": [
            {
              "name": "out",
              "path": "/nix/store/899zg048mw6cwc8z87aky9hsy61iz612-bun-1.1.4",
              "default": true
            }
          ],
          "store_path": "/nix/store/899zg048mw6cwc8z87aky9hsy61iz612-bun-1.1.4"
        }
      }
    },
    "nodejs@20": {
      "last_modified": "2024-04-19T17:36:04-04:00",
      "resolved": "github:NixOS/nixpkgs/92d295f588631b0db2da509f381b4fb1e74173c5#nodejs_20",
      "source": "devbox-search",
      "version": "20.12.2",
      "systems": {
        "aarch64-darwin": {
          "outputs": [
            {
              "name": "out",
              "path": "/nix/store/9zli090ri6wlhjla6bb51dg326ann92x-nodejs-20.12.2",
              "default": true
            },
            {
              "name": "libv8",
              "path": "/nix/store/b4yik1g0jwgzy5ziyfws6dwlwkj7byf2-nodejs-20.12.2-libv8"
            }
          ],
          "store_path": "/nix/store/9zli090ri6wlhjla6bb51dg326ann92x-nodejs-20.12.2"
        },
        "aarch64-linux": {
          "outputs": [
            {
              "name": "out",
              "path": "/nix/store/45q06na55cn5qqgy40y1sl82ni77vqm6-nodejs-20.12.2",
              "default": true
            },
            {
              "name": "libv8",
              "path": "/nix/store/ianb0irav3q1sxr479gzhjaw2vvz57fb-nodejs-20.12.2-libv8"
            }
          ],
          "store_path": "/nix/store/45q06na55cn5qqgy40y1sl82ni77vqm6-nodejs-20.12.2"
        },
        "x86_64-darwin": {
          "outputs": [
            {
              "name": "out",
              "path": "/nix/store/49d07knzwmlaggcq86d98fpzqa70a2ya-nodejs-20.12.2",
              "default": true
            },
            {
              "name": "libv8",
              "path": "/nix/store/idmhy1hnfndv43ncd6yy60vdwin1nyfa-nodejs-20.12.2-libv8"
            }
          ],
          "store_path": "/nix/store/49d07knzwmlaggcq86d98fpzqa70a2ya-nodejs-20.12.2"
        },
        "x86_64-linux": {
          "outputs": [
            {
              "name": "out",
              "path": "/nix/store/92njxgwsp23zbirp054rz7v9ls0shjwc-nodejs-20.12.2",
              "default": true
            },
            {
              "name": "libv8",
              "path": "/nix/store/km1zscaawbdx73bi32r1h44damsmsvds-nodejs-20.12.2-libv8"
            }
          ],
          "store_path": "/nix/store/92njxgwsp23zbirp054rz7v9ls0shjwc-nodejs-20.12.2"
        }
      }
    }
  }
}
