{
  "lockfile_version": "1",
  "packages": {
    "bun@1.1.4": {
      "last_modified": "2024-04-19T17:36:04-04:00",
      "resolved": "github:NixOS/nixpkgs/92d295f588631b0db2da509f381b4fb1e74173c5#bun",
      "source": "devbox-search",
      "version": "1.1.4",
      "systems": {
        "aarch64-darwin": {
          "outputs": [
            {
              "name": "out",
              "path": "/nix/store/fiwjsimc76cj65jkv5igazikqkd8zcns-bun-1.1.4",
              "default": true
            }
          ],
          "store_path": "/nix/store/fiwjsimc76cj65jkv5igazikqkd8zcns-bun-1.1.4"
        },
        "aarch64-linux": {
          "outputs": [
            {
              "name": "out",
              "path": "/nix/store/vkhqs4p1clbarknbnjbk2riphqlrrx30-bun-1.1.4",
              "default": true
            }
          ],
          "store_path": "/nix/store/vkhqs4p1clbarknbnjbk2riphqlrrx30-bun-1.1.4"
        },
        "x86_64-darwin": {
          "outputs": [
            {
              "name": "out",
              "path": "/nix/store/xrpxfnbpqpzls14950ngwamxr7v6paa1-bun-1.1.4",
              "default": true
            }
          ],
          "store_path": "/nix/store/xrpxfnbpqpzls14950ngwamxr7v6paa1-bun-1.1.4"
        },
        "x86_64-linux": {
          "outputs": [
            {
              "name": "out",
              "path": "/nix/store/899zg048mw6cwc8z87aky9hsy61iz612-bun-1.1.4",
              "default": true
            }
          ],
          "store_path": "/nix/store/899zg048mw6cwc8z87aky9hsy61iz612-bun-1.1.4"
        }
      }
    },
    "kubectl@1.30.0": {
      "last_modified": "2024-04-24T00:52:23-04:00",
      "resolved": "github:NixOS/nixpkgs/a9040b7bf8adcd322493722106dd603eb87694ea#kubectl",
      "source": "devbox-search",
      "version": "1.30.0",
      "systems": {
        "aarch64-darwin": {
          "outputs": [
            {
              "name": "out",
              "path": "/nix/store/37l125fmsqjlgzg6nkv84kbq0bdfdn09-kubectl-1.30.0",
              "default": true
            },
            {
              "name": "man",
              "path": "/nix/store/vcjzq65cqyrzcfmjzsj42hrw3x45mk8s-kubectl-1.30.0-man",
              "default": true
            },
            {
              "name": "convert",
              "path": "/nix/store/6fx7d4rwmkvsbzkxl395r1y5401386yr-kubectl-1.30.0-convert"
            }
          ],
          "store_path": "/nix/store/37l125fmsqjlgzg6nkv84kbq0bdfdn09-kubectl-1.30.0"
        },
        "aarch64-linux": {
          "outputs": [
            {
              "name": "out",
              "path": "/nix/store/mw521nhjmm9zij283yrxdbh0fislpdy4-kubectl-1.30.0",
              "default": true
            },
            {
              "name": "man",
              "path": "/nix/store/grk8qw3nmp1vxc31dyg1z5z507l9ckpq-kubectl-1.30.0-man",
              "default": true
            },
            {
              "name": "convert",
              "path": "/nix/store/nl734r759bgqw8rarrrbs03y4qa04ky7-kubectl-1.30.0-convert"
            }
          ],
          "store_path": "/nix/store/mw521nhjmm9zij283yrxdbh0fislpdy4-kubectl-1.30.0"
        },
        "x86_64-darwin": {
          "outputs": [
            {
              "name": "out",
              "path": "/nix/store/kzi7bl9hpgn5c9i7pcq2cby92gwighaj-kubectl-1.30.0",
              "default": true
            },
            {
              "name": "man",
              "path": "/nix/store/1f08fr3w6ba623fb4n56s2dk7mrmpb0h-kubectl-1.30.0-man",
              "default": true
            },
            {
              "name": "convert",
              "path": "/nix/store/739cc0ccyia6410bhrxg2iv1qj0zqjsz-kubectl-1.30.0-convert"
            }
          ],
          "store_path": "/nix/store/kzi7bl9hpgn5c9i7pcq2cby92gwighaj-kubectl-1.30.0"
        },
        "x86_64-linux": {
          "outputs": [
            {
              "name": "out",
              "path": "/nix/store/r5gah9impdhsi9f5hsbg32xqfqsajh90-kubectl-1.30.0",
              "default": true
            },
            {
              "name": "man",
              "path": "/nix/store/6r4jpknb24y1x83wrrind0b0h1as07a4-kubectl-1.30.0-man",
              "default": true
            },
            {
              "name": "convert",
              "path": "/nix/store/4hbqv5y1h7hw88xkjrbgr0gn8p7pwszp-kubectl-1.30.0-convert"
            }
          ],
          "store_path": "/nix/store/r5gah9impdhsi9f5hsbg32xqfqsajh90-kubectl-1.30.0"
        }
      }
    },
    "nodejs@20": {
      "last_modified": "2024-04-19T17:36:04-04:00",
      "plugin_version": "0.0.2",
      "resolved": "github:NixOS/nixpkgs/92d295f588631b0db2da509f381b4fb1e74173c5#nodejs_20",
      "source": "devbox-search",
      "version": "20.12.2",
      "systems": {
        "aarch64-darwin": {
          "outputs": [
            {
              "name": "out",
              "path": "/nix/store/9zli090ri6wlhjla6bb51dg326ann92x-nodejs-20.12.2",
              "default": true
            },
            {
              "name": "libv8",
              "path": "/nix/store/b4yik1g0jwgzy5ziyfws6dwlwkj7byf2-nodejs-20.12.2-libv8"
            }
          ],
          "store_path": "/nix/store/9zli090ri6wlhjla6bb51dg326ann92x-nodejs-20.12.2"
        },
        "aarch64-linux": {
          "outputs": [
            {
              "name": "out",
              "path": "/nix/store/45q06na55cn5qqgy40y1sl82ni77vqm6-nodejs-20.12.2",
              "default": true
            },
            {
              "name": "libv8",
              "path": "/nix/store/ianb0irav3q1sxr479gzhjaw2vvz57fb-nodejs-20.12.2-libv8"
            }
          ],
          "store_path": "/nix/store/45q06na55cn5qqgy40y1sl82ni77vqm6-nodejs-20.12.2"
        },
        "x86_64-darwin": {
          "outputs": [
            {
              "name": "out",
              "path": "/nix/store/49d07knzwmlaggcq86d98fpzqa70a2ya-nodejs-20.12.2",
              "default": true
            },
            {
              "name": "libv8",
              "path": "/nix/store/idmhy1hnfndv43ncd6yy60vdwin1nyfa-nodejs-20.12.2-libv8"
            }
          ],
          "store_path": "/nix/store/49d07knzwmlaggcq86d98fpzqa70a2ya-nodejs-20.12.2"
        },
        "x86_64-linux": {
          "outputs": [
            {
              "name": "out",
              "path": "/nix/store/92njxgwsp23zbirp054rz7v9ls0shjwc-nodejs-20.12.2",
              "default": true
            },
            {
              "name": "libv8",
              "path": "/nix/store/km1zscaawbdx73bi32r1h44damsmsvds-nodejs-20.12.2-libv8"
            }
          ],
          "store_path": "/nix/store/92njxgwsp23zbirp054rz7v9ls0shjwc-nodejs-20.12.2"
        }
      }
    }
  }
}
