{
  "lockfile_version": "1",
  "packages": {
    "bun@1.0.33": {
      "last_modified": "2024-03-22T11:26:23Z",
      "resolved": "github:NixOS/nixpkgs/a3ed7406349a9335cb4c2a71369b697cecd9d351#bun",
      "source": "devbox-search",
      "version": "1.0.33",
      "systems": {
        "aarch64-darwin": {
          "outputs": [
            {
              "name": "out",
              "path": "/nix/store/pxzpvpzgadz7bszm5nv3a1apxnjvss3p-bun-1.0.33",
              "default": true
            }
          ],
          "store_path": "/nix/store/pxzpvpzgadz7bszm5nv3a1apxnjvss3p-bun-1.0.33"
        },
        "aarch64-linux": {
          "outputs": [
            {
              "name": "out",
              "path": "/nix/store/h8ch0bnagsdrzklbv22s28an0d38dgcb-bun-1.0.33",
              "default": true
            }
          ],
          "store_path": "/nix/store/h8ch0bnagsdrzklbv22s28an0d38dgcb-bun-1.0.33"
        },
        "x86_64-darwin": {
          "outputs": [
            {
              "name": "out",
              "path": "/nix/store/nq9mgpvfpcnwld5wm1rnmq6nybsnb92m-bun-1.0.33",
              "default": true
            }
          ],
          "store_path": "/nix/store/nq9mgpvfpcnwld5wm1rnmq6nybsnb92m-bun-1.0.33"
        },
        "x86_64-linux": {
          "outputs": [
            {
              "name": "out",
              "path": "/nix/store/0cnq8xky549y3khdi495hi8663ig2ri9-bun-1.0.33",
              "default": true
            }
          ],
          "store_path": "/nix/store/0cnq8xky549y3khdi495hi8663ig2ri9-bun-1.0.33"
        }
      }
    },
    "nodejs@20": {
      "last_modified": "2023-11-24T11:02:37Z",
      "plugin_version": "0.0.2",
      "resolved": "github:NixOS/nixpkgs/068bacb9b6fbee6a603d1b1f68d7cf032c4feed1#nodejs_20",
      "source": "devbox-search",
      "version": "20.10.0",
      "systems": {
        "aarch64-darwin": {
          "store_path": "/nix/store/ya9wfsimhw3sjp7inn6kkn934i440kb8-nodejs-20.10.0"
        },
        "aarch64-linux": {
          "store_path": "/nix/store/ryc5g0vdg8d3mm0ssawj27lqn5x238ji-nodejs-20.10.0"
        },
        "x86_64-darwin": {
          "store_path": "/nix/store/f49j6rczz3adfh8n8fmh8zfxhyh17ljv-nodejs-20.10.0"
        },
        "x86_64-linux": {
          "store_path": "/nix/store/mih3j0yxng0xsad55787jqfbyi53rp0j-nodejs-20.10.0"
        }
      }
    }
  }
}
